<?xml version="1.0" encoding="utf-8"?>
<Project ToolsVersion="4.0" xmlns="http://schemas.microsoft.com/developer/msbuild/2003">
  <ItemGroup>
    <Filter Include="ソース ファイル">
      <UniqueIdentifier>{4FC737F1-C7A5-4376-A066-2A32D752A2FF}</UniqueIdentifier>
      <Extensions>cpp;c;cc;cxx;def;odl;idl;hpj;bat;asm;asmx</Extensions>
    </Filter>
    <Filter Include="ヘッダー ファイル">
      <UniqueIdentifier>{93995380-89BD-4b04-88EB-625FBE52EBFB}</UniqueIdentifier>
      <Extensions>h;hh;hpp;hxx;hm;inl;inc;ipp;xsd</Extensions>
    </Filter>
    <Filter Include="リソース ファイル">
      <UniqueIdentifier>{67DA6AB6-F800-4c08-8B7A-83BB121AAD01}</UniqueIdentifier>
      <Extensions>rc;ico;cur;bmp;dlg;rc2;rct;bin;rgs;gif;jpg;jpeg;jpe;resx;tiff;tif;png;wav;mfcribbon-ms</Extensions>
    </Filter>
    <Filter Include="ソース ファイル\Character">
      <UniqueIdentifier>{afe8a367-d614-4297-a5d7-beded0eb8fe1}</UniqueIdentifier>
    </Filter>
    <Filter Include="ヘッダー ファイル\Character">
      <UniqueIdentifier>{518cd097-6669-4ed1-80c3-ed23351a0e1c}</UniqueIdentifier>
    </Filter>
    <Filter Include="ソース ファイル\Static">
      <UniqueIdentifier>{5a00d95a-fb0b-48f3-ab33-5b72cbec06d6}</UniqueIdentifier>
    </Filter>
    <Filter Include="ヘッダー ファイル\Static">
      <UniqueIdentifier>{800047c4-bd89-48d4-9ea8-867d2b3d55d6}</UniqueIdentifier>
    </Filter>
    <Filter Include="ソース ファイル\Manager">
      <UniqueIdentifier>{18bfa96f-340a-444a-a0c1-832f4e1e71e2}</UniqueIdentifier>
    </Filter>
    <Filter Include="ヘッダー ファイル\Manager">
      <UniqueIdentifier>{f3f15dd5-5ae6-4aab-ace9-d6fa67fafd71}</UniqueIdentifier>
    </Filter>
    <Filter Include="ヘッダー ファイル\Abstract">
      <UniqueIdentifier>{84c02231-097c-4cd3-bd81-457fc06fd305}</UniqueIdentifier>
    </Filter>
    <Filter Include="ソース ファイル\Abstract">
      <UniqueIdentifier>{870ee382-4c25-45a8-9b6f-deedb3471583}</UniqueIdentifier>
    </Filter>
    <Filter Include="ヘッダー ファイル\Interface">
      <UniqueIdentifier>{3d8aa1ed-4bf3-4684-80f3-dc765e377682}</UniqueIdentifier>
    </Filter>
    <Filter Include="ソース ファイル\Scene">
      <UniqueIdentifier>{6dd634ec-4308-40f9-8a6f-38e498c91c2b}</UniqueIdentifier>
    </Filter>
    <Filter Include="ヘッダー ファイル\Scene">
      <UniqueIdentifier>{6e62074e-92de-4a17-b964-9a7b465a4e9c}</UniqueIdentifier>
    </Filter>
  </ItemGroup>
  <ItemGroup>
    <ClCompile Include="WinMain.cpp">
      <Filter>ソース ファイル</Filter>
    </ClCompile>
    <ClCompile Include="Vertex.cpp">
      <Filter>ソース ファイル</Filter>
    </ClCompile>
    <ClCompile Include="Flag.cpp">
      <Filter>ソース ファイル</Filter>
    </ClCompile>
    <ClCompile Include="Stage.cpp">
      <Filter>ソース ファイル</Filter>
    </ClCompile>
    <ClCompile Include="Camera.cpp">
      <Filter>ソース ファイル</Filter>
    </ClCompile>
    <ClCompile Include="Block.cpp">
      <Filter>ソース ファイル\Character</Filter>
    </ClCompile>
    <ClCompile Include="Player.cpp">
      <Filter>ソース ファイル\Character</Filter>
    </ClCompile>
    <ClCompile Include="Title.cpp">
      <Filter>ソース ファイル\Character</Filter>
    </ClCompile>
    <ClCompile Include="DeathChecker.cpp">
      <Filter>ソース ファイル\Character</Filter>
    </ClCompile>
    <ClCompile Include="Math.cpp">
      <Filter>ソース ファイル\Static</Filter>
    </ClCompile>
    <ClCompile Include="GameManager.cpp">
      <Filter>ソース ファイル\Manager</Filter>
    </ClCompile>
    <ClCompile Include="Dx11.cpp">
      <Filter>ソース ファイル\Manager</Filter>
    </ClCompile>
    <ClCompile Include="Sound.cpp">
      <Filter>ソース ファイル\Manager</Filter>
    </ClCompile>
    <ClCompile Include="RenderObj.cpp">
      <Filter>ソース ファイル\Abstract</Filter>
    </ClCompile>
    <ClCompile Include="Characters.cpp">
      <Filter>ソース ファイル\Abstract</Filter>
    </ClCompile>
    <ClCompile Include="TitleScene.cpp">
      <Filter>ソース ファイル\Scene</Filter>
    </ClCompile>
    <ClCompile Include="PlayScene.cpp">
      <Filter>ソース ファイル\Scene</Filter>
    </ClCompile>
    <ClCompile Include="TextChar.cpp">
      <Filter>ソース ファイル\Character</Filter>
    </ClCompile>
  </ItemGroup>
  <ItemGroup>
    <ClInclude Include="Enum.h">
      <Filter>ヘッダー ファイル</Filter>
    </ClInclude>
    <ClInclude Include="Flag.h">
      <Filter>ヘッダー ファイル</Filter>
    </ClInclude>
    <ClInclude Include="Stage.h">
      <Filter>ヘッダー ファイル</Filter>
    </ClInclude>
    <ClInclude Include="Camera.h">
      <Filter>ヘッダー ファイル</Filter>
    </ClInclude>
    <ClInclude Include="Vertex.h">
      <Filter>ヘッダー ファイル</Filter>
    </ClInclude>
    <ClInclude Include="Block.h">
      <Filter>ヘッダー ファイル\Character</Filter>
    </ClInclude>
    <ClInclude Include="DeathChecker.h">
      <Filter>ヘッダー ファイル\Character</Filter>
    </ClInclude>
    <ClInclude Include="Player.h">
      <Filter>ヘッダー ファイル\Character</Filter>
    </ClInclude>
    <ClInclude Include="Title.h">
      <Filter>ヘッダー ファイル\Character</Filter>
    </ClInclude>
    <ClInclude Include="Math.h">
      <Filter>ヘッダー ファイル\Static</Filter>
    </ClInclude>
    <ClInclude Include="Dx11.h">
      <Filter>ヘッダー ファイル\Manager</Filter>
    </ClInclude>
    <ClInclude Include="GameManager.h">
      <Filter>ヘッダー ファイル\Manager</Filter>
    </ClInclude>
    <ClInclude Include="Sound.h">
      <Filter>ヘッダー ファイル\Manager</Filter>
    </ClInclude>
    <ClInclude Include="RenderObj.h">
      <Filter>ヘッダー ファイル\Abstract</Filter>
    </ClInclude>
    <ClInclude Include="Characters.h">
      <Filter>ヘッダー ファイル\Abstract</Filter>
    </ClInclude>
    <ClInclude Include="IMoveObj.h">
      <Filter>ヘッダー ファイル\Interface</Filter>
    </ClInclude>
    <ClInclude Include="INotPlayer.h">
      <Filter>ヘッダー ファイル\Interface</Filter>
    </ClInclude>
    <ClInclude Include="IGameScene.h">
      <Filter>ヘッダー ファイル\Interface</Filter>
    </ClInclude>
    <ClInclude Include="TitleScene.h">
      <Filter>ヘッダー ファイル\Scene</Filter>
    </ClInclude>
    <ClInclude Include="PlayScene.h">
      <Filter>ヘッダー ファイル\Scene</Filter>
    </ClInclude>
    <ClInclude Include="TextChar.h">
      <Filter>ヘッダー ファイル\Character</Filter>
    </ClInclude>
  </ItemGroup>
  <ItemGroup>
    <None Include="ClassDiagram1.cd" />
  </ItemGroup>
  <ItemGroup>
    <Text Include="Stage\STAGE_1.txt" />
  </ItemGroup>
  <ItemGroup>
    <FxCompile Include="Shader\PixelShader.psh" />
    <FxCompile Include="Shader\VertexShader.vsh" />
    <FxCompile Include="Shader\TextVertexShader.vsh" />
    <FxCompile Include="Shader\TextPixelShader_Black.psh" />
    <FxCompile Include="Shader\TextPixelShader_White.psh" />
  </ItemGroup>
</Project>